// !$*UTF8*$!
{
	archiveVersion = 1;
	classes = {
	};
	objectVersion = 50;
	objects = {

/* Begin PBXBuildFile section */
		343EA210246C5EC5004D88D9 /* AppDelegate.swift in Sources */ = {isa = PBXBuildFile; fileRef = 343EA20F246C5EC5004D88D9 /* AppDelegate.swift */; };
		343EA212246C5EC5004D88D9 /* SceneDelegate.swift in Sources */ = {isa = PBXBuildFile; fileRef = 343EA211246C5EC5004D88D9 /* SceneDelegate.swift */; };
		343EA214246C5EC5004D88D9 /* ViewController.swift in Sources */ = {isa = PBXBuildFile; fileRef = 343EA213246C5EC5004D88D9 /* ViewController.swift */; };
		343EA217246C5EC5004D88D9 /* Main.storyboard in Resources */ = {isa = PBXBuildFile; fileRef = 343EA215246C5EC5004D88D9 /* Main.storyboard */; };
		343EA21A246C5EC5004D88D9 /* Lards.xcdatamodeld in Sources */ = {isa = PBXBuildFile; fileRef = 343EA218246C5EC5004D88D9 /* Lards.xcdatamodeld */; };
		343EA21C246C5EC7004D88D9 /* Assets.xcassets in Resources */ = {isa = PBXBuildFile; fileRef = 343EA21B246C5EC7004D88D9 /* Assets.xcassets */; };
		343EA21F246C5EC7004D88D9 /* LaunchScreen.storyboard in Resources */ = {isa = PBXBuildFile; fileRef = 343EA21D246C5EC7004D88D9 /* LaunchScreen.storyboard */; };
/* End PBXBuildFile section */

/* Begin PBXFileReference section */
		343EA20C246C5EC5004D88D9 /* Lards.app */ = {isa = PBXFileReference; explicitFileType = wrapper.application; includeInIndex = 0; path = Lards.app; sourceTree = BUILT_PRODUCTS_DIR; };
		343EA20F246C5EC5004D88D9 /* AppDelegate.swift */ = {isa = PBXFileReference; lastKnownFileType = sourcecode.swift; path = AppDelegate.swift; sourceTree = "<group>"; };
		343EA211246C5EC5004D88D9 /* SceneDelegate.swift */ = {isa = PBXFileReference; lastKnownFileType = sourcecode.swift; path = SceneDelegate.swift; sourceTree = "<group>"; };
		343EA213246C5EC5004D88D9 /* ViewController.swift */ = {isa = PBXFileReference; lastKnownFileType = sourcecode.swift; path = ViewController.swift; sourceTree = "<group>"; };
		343EA216246C5EC5004D88D9 /* Base */ = {isa = PBXFileReference; lastKnownFileType = file.storyboard; name = Base; path = Base.lproj/Main.storyboard; sourceTree = "<group>"; };
		343EA219246C5EC5004D88D9 /* Lards.xcdatamodel */ = {isa = PBXFileReference; lastKnownFileType = wrapper.xcdatamodel; path = Lards.xcdatamodel; sourceTree = "<group>"; };
		343EA21B246C5EC7004D88D9 /* Assets.xcassets */ = {isa = PBXFileReference; lastKnownFileType = folder.assetcatalog; path = Assets.xcassets; sourceTree = "<group>"; };
		343EA21E246C5EC7004D88D9 /* Base */ = {isa = PBXFileReference; lastKnownFileType = file.storyboard; name = Base; path = Base.lproj/LaunchScreen.storyboard; sourceTree = "<group>"; };
		343EA220246C5EC7004D88D9 /* Info.plist */ = {isa = PBXFileReference; lastKnownFileType = text.plist.xml; path = Info.plist; sourceTree = "<group>"; };
/* End PBXFileReference section */

/* Begin PBXFrameworksBuildPhase section */
		343EA209246C5EC5004D88D9 /* Frameworks */ = {
			isa = PBXFrameworksBuildPhase;
			buildActionMask = 2147483647;
			files = (
			);
			runOnlyForDeploymentPostprocessing = 0;
		};
/* End PBXFrameworksBuildPhase section */

/* Begin PBXGroup section */
		343EA203246C5EC5004D88D9 = {
			isa = PBXGroup;
			children = (
				343EA20E246C5EC5004D88D9 /* Lards */,
				343EA20D246C5EC5004D88D9 /* Products */,
			);
			sourceTree = "<group>";
		};
		343EA20D246C5EC5004D88D9 /* Products */ = {
			isa = PBXGroup;
			children = (
				343EA20C246C5EC5004D88D9 /* Lards.app */,
			);
			name = Products;
			sourceTree = "<group>";
		};
		343EA20E246C5EC5004D88D9 /* Lards */ = {
			isa = PBXGroup;
			children = (
				343EA20F246C5EC5004D88D9 /* AppDelegate.swift */,
				343EA211246C5EC5004D88D9 /* SceneDelegate.swift */,
				343EA213246C5EC5004D88D9 /* ViewController.swift */,
				343EA215246C5EC5004D88D9 /* Main.storyboard */,
				343EA21B246C5EC7004D88D9 /* Assets.xcassets */,
				343EA21D246C5EC7004D88D9 /* LaunchScreen.storyboard */,
				343EA220246C5EC7004D88D9 /* Info.plist */,
				343EA218246C5EC5004D88D9 /* Lards.xcdatamodeld */,
			);
			path = Lards;
			sourceTree = "<group>";
		};
/* End PBXGroup section */

/* Begin PBXNativeTarget section */
		343EA20B246C5EC5004D88D9 /* Lards */ = {
			isa = PBXNativeTarget;
			buildConfigurationList = 343EA223246C5EC7004D88D9 /* Build configuration list for PBXNativeTarget "Lards" */;
			buildPhases = (
				343EA208246C5EC5004D88D9 /* Sources */,
				343EA209246C5EC5004D88D9 /* Frameworks */,
				343EA20A246C5EC5004D88D9 /* Resources */,
			);
			buildRules = (
			);
			dependencies = (
			);
			name = Lards;
			productName = Lards;
			productReference = 343EA20C246C5EC5004D88D9 /* Lards.app */;
			productType = "com.apple.product-type.application";
		};
/* End PBXNativeTarget section */

/* Begin PBXProject section */
		343EA204246C5EC5004D88D9 /* Project object */ = {
			isa = PBXProject;
			attributes = {
				LastSwiftUpdateCheck = 1140;
				LastUpgradeCheck = 1140;
				ORGANIZATIONNAME = "Shane Lawson";
				TargetAttributes = {
					343EA20B246C5EC5004D88D9 = {
						CreatedOnToolsVersion = 11.4;
					};
				};
			};
			buildConfigurationList = 343EA207246C5EC5004D88D9 /* Build configuration list for PBXProject "Lards" */;
			compatibilityVersion = "Xcode 9.3";
			developmentRegion = en;
			hasScannedForEncodings = 0;
			knownRegions = (
				en,
				Base,
			);
			mainGroup = 343EA203246C5EC5004D88D9;
			productRefGroup = 343EA20D246C5EC5004D88D9 /* Products */;
			projectDirPath = "";
			projectRoot = "";
			targets = (
				343EA20B246C5EC5004D88D9 /* Lards */,
			);
		};
/* End PBXProject section */

/* Begin PBXResourcesBuildPhase section */
		343EA20A246C5EC5004D88D9 /* Resources */ = {
			isa = PBXResourcesBuildPhase;
			buildActionMask = 2147483647;
			files = (
				343EA21F246C5EC7004D88D9 /* LaunchScreen.storyboard in Resources */,
				343EA21C246C5EC7004D88D9 /* Assets.xcassets in Resources */,
				343EA217246C5EC5004D88D9 /* Main.storyboard in Resources */,
			);
			runOnlyForDeploymentPostprocessing = 0;
		};
/* End PBXResourcesBuildPhase section */

/* Begin PBXSourcesBuildPhase section */
		343EA208246C5EC5004D88D9 /* Sources */ = {
			isa = PBXSourcesBuildPhase;
			buildActionMask = 2147483647;
			files = (
				343EA21A246C5EC5004D88D9 /* Lards.xcdatamodeld in Sources */,
				343EA214246C5EC5004D88D9 /* ViewController.swift in Sources */,
				343EA210246C5EC5004D88D9 /* AppDelegate.swift in Sources */,
				343EA212246C5EC5004D88D9 /* SceneDelegate.swift in Sources */,
			);
			runOnlyForDeploymentPostprocessing = 0;
		};
/* End PBXSourcesBuildPhase section */

/* Begin PBXVariantGroup section */
		343EA215246C5EC5004D88D9 /* Main.storyboard */ = {
			isa = PBXVariantGroup;
			children = (
				343EA216246C5EC5004D88D9 /* Base */,
			);
			name = Main.storyboard;
			sourceTree = "<group>";
		};
		343EA21D246C5EC7004D88D9 /* LaunchScreen.storyboard */ = {
			isa = PBXVariantGroup;
			children = (
				343EA21E246C5EC7004D88D9 /* Base */,
			);
			name = LaunchScreen.storyboard;
			sourceTree = "<group>";
		};
/* End PBXVariantGroup section */

/* Begin XCBuildConfiguration section */
		343EA221246C5EC7004D88D9 /* Debug */ = {
			isa = XCBuildConfiguration;
			buildSettings = {
				ALWAYS_SEARCH_USER_PATHS = NO;
				CLANG_ANALYZER_NONNULL = YES;
				CLANG_ANALYZER_NUMBER_OBJECT_CONVERSION = YES_AGGRESSIVE;
				CLANG_CXX_LANGUAGE_STANDARD = "gnu++14";
				CLANG_CXX_LIBRARY = "libc++";
				CLANG_ENABLE_MODULES = YES;
				CLANG_ENABLE_OBJC_ARC = YES;
				CLANG_ENABLE_OBJC_WEAK = YES;
				CLANG_WARN_BLOCK_CAPTURE_AUTORELEASING = YES;
				CLANG_WARN_BOOL_CONVERSION = YES;
				CLANG_WARN_COMMA = YES;
				CLANG_WARN_CONSTANT_CONVERSION = YES;
				CLANG_WARN_DEPRECATED_OBJC_IMPLEMENTATIONS = YES;
				CLANG_WARN_DIRECT_OBJC_ISA_USAGE = YES_ERROR;
				CLANG_WARN_DOCUMENTATION_COMMENTS = YES;
				CLANG_WARN_EMPTY_BODY = YES;
				CLANG_WARN_ENUM_CONVERSION = YES;
				CLANG_WARN_INFINITE_RECURSION = YES;
				CLANG_WARN_INT_CONVERSION = YES;
				CLANG_WARN_NON_LITERAL_NULL_CONVERSION = YES;
				CLANG_WARN_OBJC_IMPLICIT_RETAIN_SELF = YES;
				CLANG_WARN_OBJC_LITERAL_CONVERSION = YES;
				CLANG_WARN_OBJC_ROOT_CLASS = YES_ERROR;
				CLANG_WARN_RANGE_LOOP_ANALYSIS = YES;
				CLANG_WARN_STRICT_PROTOTYPES = YES;
				CLANG_WARN_SUSPICIOUS_MOVE = YES;
				CLANG_WARN_UNGUARDED_AVAILABILITY = YES_AGGRESSIVE;
				CLANG_WARN_UNREACHABLE_CODE = YES;
				CLANG_WARN__DUPLICATE_METHOD_MATCH = YES;
				COPY_PHASE_STRIP = NO;
				DEBUG_INFORMATION_FORMAT = dwarf;
				ENABLE_STRICT_OBJC_MSGSEND = YES;
				ENABLE_TESTABILITY = YES;
				GCC_C_LANGUAGE_STANDARD = gnu11;
				GCC_DYNAMIC_NO_PIC = NO;
				GCC_NO_COMMON_BLOCKS = YES;
				GCC_OPTIMIZATION_LEVEL = 0;
				GCC_PREPROCESSOR_DEFINITIONS = (
					"DEBUG=1",
					"$(inherited)",
				);
				GCC_WARN_64_TO_32_BIT_CONVERSION = YES;
				GCC_WARN_ABOUT_RETURN_TYPE = YES_ERROR;
				GCC_WARN_UNDECLARED_SELECTOR = YES;
				GCC_WARN_UNINITIALIZED_AUTOS = YES_AGGRESSIVE;
				GCC_WARN_UNUSED_FUNCTION = YES;
				GCC_WARN_UNUSED_VARIABLE = YES;
				IPHONEOS_DEPLOYMENT_TARGET = 13.4;
				MTL_ENABLE_DEBUG_INFO = INCLUDE_SOURCE;
				MTL_FAST_MATH = YES;
				ONLY_ACTIVE_ARCH = YES;
				SDKROOT = iphoneos;
				SWIFT_ACTIVE_COMPILATION_CONDITIONS = DEBUG;
				SWIFT_OPTIMIZATION_LEVEL = "-Onone";
			};
			name = Debug;
		};
		343EA222246C5EC7004D88D9 /* Release */ = {
			isa = XCBuildConfiguration;
			buildSettings = {
				ALWAYS_SEARCH_USER_PATHS = NO;
				CLANG_ANALYZER_NONNULL = YES;
				CLANG_ANALYZER_NUMBER_OBJECT_CONVERSION = YES_AGGRESSIVE;
				CLANG_CXX_LANGUAGE_STANDARD = "gnu++14";
				CLANG_CXX_LIBRARY = "libc++";
				CLANG_ENABLE_MODULES = YES;
				CLANG_ENABLE_OBJC_ARC = YES;
				CLANG_ENABLE_OBJC_WEAK = YES;
				CLANG_WARN_BLOCK_CAPTURE_AUTORELEASING = YES;
				CLANG_WARN_BOOL_CONVERSION = YES;
				CLANG_WARN_COMMA = YES;
				CLANG_WARN_CONSTANT_CONVERSION = YES;
				CLANG_WARN_DEPRECATED_OBJC_IMPLEMENTATIONS = YES;
				CLANG_WARN_DIRECT_OBJC_ISA_USAGE = YES_ERROR;
				CLANG_WARN_DOCUMENTATION_COMMENTS = YES;
				CLANG_WARN_EMPTY_BODY = YES;
				CLANG_WARN_ENUM_CONVERSION = YES;
				CLANG_WARN_INFINITE_RECURSION = YES;
				CLANG_WARN_INT_CONVERSION = YES;
				CLANG_WARN_NON_LITERAL_NULL_CONVERSION = YES;
				CLANG_WARN_OBJC_IMPLICIT_RETAIN_SELF = YES;
				CLANG_WARN_OBJC_LITERAL_CONVERSION = YES;
				CLANG_WARN_OBJC_ROOT_CLASS = YES_ERROR;
				CLANG_WARN_RANGE_LOOP_ANALYSIS = YES;
				CLANG_WARN_STRICT_PROTOTYPES = YES;
				CLANG_WARN_SUSPICIOUS_MOVE = YES;
				CLANG_WARN_UNGUARDED_AVAILABILITY = YES_AGGRESSIVE;
				CLANG_WARN_UNREACHABLE_CODE = YES;
				CLANG_WARN__DUPLICATE_METHOD_MATCH = YES;
				COPY_PHASE_STRIP = NO;
				DEBUG_INFORMATION_FORMAT = "dwarf-with-dsym";
				ENABLE_NS_ASSERTIONS = NO;
				ENABLE_STRICT_OBJC_MSGSEND = YES;
				GCC_C_LANGUAGE_STANDARD = gnu11;
				GCC_NO_COMMON_BLOCKS = YES;
				GCC_WARN_64_TO_32_BIT_CONVERSION = YES;
				GCC_WARN_ABOUT_RETURN_TYPE = YES_ERROR;
				GCC_WARN_UNDECLARED_SELECTOR = YES;
				GCC_WARN_UNINITIALIZED_AUTOS = YES_AGGRESSIVE;
				GCC_WARN_UNUSED_FUNCTION = YES;
				GCC_WARN_UNUSED_VARIABLE = YES;
				IPHONEOS_DEPLOYMENT_TARGET = 13.4;
				MTL_ENABLE_DEBUG_INFO = NO;
				MTL_FAST_MATH = YES;
				SDKROOT = iphoneos;
				SWIFT_COMPILATION_MODE = wholemodule;
				SWIFT_OPTIMIZATION_LEVEL = "-O";
				VALIDATE_PRODUCT = YES;
			};
			name = Release;
		};
		343EA224246C5EC7004D88D9 /* Debug */ = {
			isa = XCBuildConfiguration;
			buildSettings = {
				ASSETCATALOG_COMPILER_APPICON_NAME = AppIcon;
				CODE_SIGN_STYLE = Automatic;
				DEVELOPMENT_TEAM = CJMFTPPQ4C;
				INFOPLIST_FILE = Lards/Info.plist;
				LD_RUNPATH_SEARCH_PATHS = (
					"$(inherited)",
					"@executable_path/Frameworks",
				);
				PRODUCT_BUNDLE_IDENTIFIER = info.shanelawson.Lards;
				PRODUCT_NAME = "$(TARGET_NAME)";
				SWIFT_VERSION = 5.0;
				TARGETED_DEVICE_FAMILY = "1,2";
			};
			name = Debug;
		};
		343EA225246C5EC7004D88D9 /* Release */ = {
			isa = XCBuildConfiguration;
			buildSettings = {
				ASSETCATALOG_COMPILER_APPICON_NAME = AppIcon;
				CODE_SIGN_STYLE = Automatic;
				DEVELOPMENT_TEAM = CJMFTPPQ4C;
				INFOPLIST_FILE = Lards/Info.plist;
				LD_RUNPATH_SEARCH_PATHS = (
					"$(inherited)",
					"@executable_path/Frameworks",
				);
				PRODUCT_BUNDLE_IDENTIFIER = info.shanelawson.Lards;
				PRODUCT_NAME = "$(TARGET_NAME)";
				SWIFT_VERSION = 5.0;
				TARGETED_DEVICE_FAMILY = "1,2";
			};
			name = Release;
		};
/* End XCBuildConfiguration section */

/* Begin XCConfigurationList section */
		343EA207246C5EC5004D88D9 /* Build configuration list for PBXProject "Lards" */ = {
			isa = XCConfigurationList;
			buildConfigurations = (
				343EA221246C5EC7004D88D9 /* Debug */,
				343EA222246C5EC7004D88D9 /* Release */,
			);
			defaultConfigurationIsVisible = 0;
			defaultConfigurationName = Release;
		};
		343EA223246C5EC7004D88D9 /* Build configuration list for PBXNativeTarget "Lards" */ = {
			isa = XCConfigurationList;
			buildConfigurations = (
				343EA224246C5EC7004D88D9 /* Debug */,
				343EA225246C5EC7004D88D9 /* Release */,
			);
			defaultConfigurationIsVisible = 0;
			defaultConfigurationName = Release;
		};
/* End XCConfigurationList section */

/* Begin XCVersionGroup section */
		343EA218246C5EC5004D88D9 /* Lards.xcdatamodeld */ = {
			isa = XCVersionGroup;
			children = (
				343EA219246C5EC5004D88D9 /* Lards.xcdatamodel */,
			);
			currentVersion = 343EA219246C5EC5004D88D9 /* Lards.xcdatamodel */;
			path = Lards.xcdatamodeld;
			sourceTree = "<group>";
			versionGroupType = wrapper.xcdatamodel;
		};
/* End XCVersionGroup section */
	};
	rootObject = 343EA204246C5EC5004D88D9 /* Project object */;
}
